// !$*UTF8*$!
{
	archiveVersion = 1;
	classes = {
	};
	objectVersion = 46;
	objects = {

/* Begin PBXGroup section */
		D2051E071CD41D0D00478FB6 = {
			isa = PBXGroup;
			children = (
			);
			sourceTree = "<group>";
		};
/* End PBXGroup section */

/* Begin PBXProject section */
		D2051E081CD41D0D00478FB6 /* Project object */ = {
			isa = PBXProject;
			attributes = {
				LastUpgradeCheck = 0720;
			};
			buildConfigurationList = D2051E0B1CD41D0D00478FB6 /* Build configuration list for PBXProject "PythonExperiment" */;
			compatibilityVersion = "Xcode 3.2";
			developmentRegion = English;
			hasScannedForEncodings = 0;
			knownRegions = (
				en,
			);
			mainGroup = D2051E071CD41D0D00478FB6;
			projectDirPath = "";
			projectRoot = "";
			targets = (
			);
		};
/* End PBXProject section */

/* Begin XCBuildConfiguration section */
		D2051E0C1CD41D0D00478FB6 /* Debug */ = {
			isa = XCBuildConfiguration;
			buildSettings = {
			};
			name = Debug;
		};
		D2051E0D1CD41D0D00478FB6 /* Release */ = {
			isa = XCBuildConfiguration;
			buildSettings = {
			};
			name = Release;
		};
/* End XCBuildConfiguration section */

/* Begin XCConfigurationList section */
		D2051E0B1CD41D0D00478FB6 /* Build configuration list for PBXProject "PythonExperiment" */ = {
			isa = XCConfigurationList;
			buildConfigurations = (
				D2051E0C1CD41D0D00478FB6 /* Debug */,
				D2051E0D1CD41D0D00478FB6 /* Release */,
			);
			defaultConfigurationIsVisible = 0;
			defaultConfigurationName = Release;
		};
/* End XCConfigurationList section */
	};
	rootObject = D2051E081CD41D0D00478FB6 /* Project object */;
}
