// !$*UTF8*$!
{
	archiveVersion = 1;
	classes = {
	};
	objectVersion = 46;
	objects = {

/* Begin PBXFileReference section */
		D2051E0E1CD41D7E00478FB6 /* wikiscraper.py */ = {isa = PBXFileReference; lastKnownFileType = text.script.python; path = wikiscraper.py; sourceTree = "<group>"; };
		D2051E0F1CD41E2900478FB6 /* main.py */ = {isa = PBXFileReference; lastKnownFileType = text.script.python; path = main.py; sourceTree = "<group>"; };
		D232173F1CD4A68100B4B63B /* IO.py */ = {isa = PBXFileReference; lastKnownFileType = text.script.python; path = IO.py; sourceTree = "<group>"; };
		D23217401CD4DCBA00B4B63B /* README */ = {isa = PBXFileReference; lastKnownFileType = text; path = README; sourceTree = "<group>"; };
		D23217411CD570E500B4B63B /* LICENSE */ = {isa = PBXFileReference; lastKnownFileType = text; path = LICENSE; sourceTree = "<group>"; };
/* End PBXFileReference section */

/* Begin PBXGroup section */
		D2051E071CD41D0D00478FB6 = {
			isa = PBXGroup;
			children = (
				D23217411CD570E500B4B63B /* LICENSE */,
				D23217401CD4DCBA00B4B63B /* README */,
				D2051E0E1CD41D7E00478FB6 /* wikiscraper.py */,
				D232173F1CD4A68100B4B63B /* IO.py */,
				D2051E0F1CD41E2900478FB6 /* main.py */,
			);
			sourceTree = "<group>";
		};
/* End PBXGroup section */

/* Begin PBXProject section */
		D2051E081CD41D0D00478FB6 /* Project object */ = {
			isa = PBXProject;
			attributes = {
				LastUpgradeCheck = 0720;
			};
			buildConfigurationList = D2051E0B1CD41D0D00478FB6 /* Build configuration list for PBXProject "PythonExperiment" */;
			compatibilityVersion = "Xcode 3.2";
			developmentRegion = English;
			hasScannedForEncodings = 0;
			knownRegions = (
				en,
			);
			mainGroup = D2051E071CD41D0D00478FB6;
			projectDirPath = "";
			projectRoot = "";
			targets = (
			);
		};
/* End PBXProject section */

/* Begin XCBuildConfiguration section */
		D2051E0C1CD41D0D00478FB6 /* Debug */ = {
			isa = XCBuildConfiguration;
			buildSettings = {
			};
			name = Debug;
		};
		D2051E0D1CD41D0D00478FB6 /* Release */ = {
			isa = XCBuildConfiguration;
			buildSettings = {
			};
			name = Release;
		};
/* End XCBuildConfiguration section */

/* Begin XCConfigurationList section */
		D2051E0B1CD41D0D00478FB6 /* Build configuration list for PBXProject "PythonExperiment" */ = {
			isa = XCConfigurationList;
			buildConfigurations = (
				D2051E0C1CD41D0D00478FB6 /* Debug */,
				D2051E0D1CD41D0D00478FB6 /* Release */,
			);
			defaultConfigurationIsVisible = 0;
			defaultConfigurationName = Release;
		};
/* End XCConfigurationList section */
	};
	rootObject = D2051E081CD41D0D00478FB6 /* Project object */;
}
